
Microsoft Visual Studio Solution File, Format Version 12.00
# Visual Studio Version 17
VisualStudioVersion = 17.4.33213.308
MinimumVisualStudioVersion = 10.0.40219.1
Project("{FAE04EC0-301F-11D3-BF4B-00C04F79EFBC}") = "LiskovSubstitutionPrinciple", "LiskovSubstitutionPrinciple\LiskovSubstitutionPrinciple.csproj", "{ECC3110D-120B-4E3B-8B56-4F1E26841CAD}"
EndProject
Global
	GlobalSection(SolutionConfigurationPlatforms) = preSolution
		Debug|Any CPU = Debug|Any CPU
		Release|Any CPU = Release|Any CPU
	EndGlobalSection
	GlobalSection(ProjectConfigurationPlatforms) = postSolution
		{ECC3110D-120B-4E3B-8B56-4F1E26841CAD}.Debug|Any CPU.ActiveCfg = Debug|Any CPU
		{ECC3110D-120B-4E3B-8B56-4F1E26841CAD}.Debug|Any CPU.Build.0 = Debug|Any CPU
		{ECC3110D-120B-4E3B-8B56-4F1E26841CAD}.Release|Any CPU.ActiveCfg = Release|Any CPU
		{ECC3110D-120B-4E3B-8B56-4F1E26841CAD}.Release|Any CPU.Build.0 = Release|Any CPU
	EndGlobalSection
	GlobalSection(SolutionProperties) = preSolution
		HideSolutionNode = FALSE
	EndGlobalSection
	GlobalSection(ExtensibilityGlobals) = postSolution
		SolutionGuid = {DA94C400-2693-475E-837F-E88DD66066EC}
	EndGlobalSection
EndGlobal
